{
  "nodes": {
    "conform-nvim": {
      "flake": false,
      "locked": {
        "lastModified": 1732487744,
        "narHash": "sha256-GmKhbXWw61qCkYYvQeYOA590DmSfyQi4Ec3REGSLqq8=",
        "owner": "stevearc",
        "repo": "conform.nvim",
        "rev": "a203480a350b03092e473bf3001733d547160a73",
        "type": "github"
      },
      "original": {
        "owner": "stevearc",
        "repo": "conform.nvim",
        "type": "github"
      }
    },
    "fake-nvim": {
      "flake": false,
      "locked": {
        "lastModified": 1730902774,
        "narHash": "sha256-AITEJOY3jBdjq5N6O0b6u22sI4e7AekDVaGrs9SjGGs=",
        "owner": "Kibadda",
        "repo": "fake.nvim",
        "rev": "76266294cd7fde54d73a92f22f7a770802587648",
        "type": "github"
      },
      "original": {
        "owner": "Kibadda",
        "repo": "fake.nvim",
        "type": "github"
      }
    },
    "flake-compat": {
      "flake": false,
      "locked": {
        "lastModified": 1696426674,
        "narHash": "sha256-kvjfFW7WAETZlt09AgDn1MrtKzP7t90Vf7vypd3OL1U=",
        "owner": "edolstra",
        "repo": "flake-compat",
        "rev": "0f9255e01c2351cc7d116c072cb317785dd33b33",
        "type": "github"
      },
      "original": {
        "owner": "edolstra",
        "repo": "flake-compat",
        "type": "github"
      }
    },
    "flake-compat_2": {
      "flake": false,
      "locked": {
        "lastModified": 1732722421,
        "narHash": "sha256-HRJ/18p+WoXpWJkcdsk9St5ZiukCqSDgbOGFa8Okehg=",
        "owner": "edolstra",
        "repo": "flake-compat",
        "rev": "9ed2ac151eada2306ca8c418ebd97807bb08f6ac",
        "type": "github"
      },
      "original": {
        "owner": "edolstra",
        "repo": "flake-compat",
        "type": "github"
      }
    },
    "flake-compat_3": {
      "flake": false,
      "locked": {
        "lastModified": 1696426674,
        "narHash": "sha256-kvjfFW7WAETZlt09AgDn1MrtKzP7t90Vf7vypd3OL1U=",
        "owner": "edolstra",
        "repo": "flake-compat",
        "rev": "0f9255e01c2351cc7d116c072cb317785dd33b33",
        "type": "github"
      },
      "original": {
        "owner": "edolstra",
        "repo": "flake-compat",
        "type": "github"
      }
    },
    "flake-parts": {
      "inputs": {
        "nixpkgs-lib": "nixpkgs-lib"
      },
      "locked": {
        "lastModified": 1717285511,
        "narHash": "sha256-iKzJcpdXih14qYVcZ9QC9XuZYnPc6T8YImb6dX166kw=",
        "owner": "hercules-ci",
        "repo": "flake-parts",
        "rev": "2a55567fcf15b1b1c7ed712a2c6fadaec7412ea8",
        "type": "github"
      },
      "original": {
        "owner": "hercules-ci",
        "repo": "flake-parts",
        "type": "github"
      }
    },
    "flake-parts_2": {
      "inputs": {
        "nixpkgs-lib": [
          "neovim-nightly",
          "nixpkgs"
        ]
      },
      "locked": {
        "lastModified": 1730504689,
        "narHash": "sha256-hgmguH29K2fvs9szpq2r3pz2/8cJd2LPS+b4tfNFCwE=",
        "owner": "hercules-ci",
        "repo": "flake-parts",
        "rev": "506278e768c2a08bec68eb62932193e341f55c90",
        "type": "github"
      },
      "original": {
        "owner": "hercules-ci",
        "repo": "flake-parts",
        "type": "github"
      }
    },
    "flake-parts_3": {
      "inputs": {
        "nixpkgs-lib": [
          "neovim-nightly",
          "hercules-ci-effects",
          "nixpkgs"
        ]
      },
      "locked": {
        "lastModified": 1712014858,
        "narHash": "sha256-sB4SWl2lX95bExY2gMFG5HIzvva5AVMJd4Igm+GpZNw=",
        "owner": "hercules-ci",
        "repo": "flake-parts",
        "rev": "9126214d0a59633752a136528f5f3b9aa8565b7d",
        "type": "github"
      },
      "original": {
        "id": "flake-parts",
        "type": "indirect"
      }
    },
    "flake-utils": {
      "inputs": {
        "systems": "systems"
      },
      "locked": {
        "lastModified": 1731533236,
        "narHash": "sha256-l0KFg5HjrsfsO/JpG+r7fRrqm12kzFHyUHqHCVpMMbI=",
        "owner": "numtide",
        "repo": "flake-utils",
        "rev": "11707dc2f618dd54ca8739b309ec4fc024de578b",
        "type": "github"
      },
      "original": {
        "owner": "numtide",
        "repo": "flake-utils",
        "type": "github"
      }
    },
    "gen-luarc": {
      "inputs": {
        "flake-parts": "flake-parts",
        "git-hooks": "git-hooks",
        "luvit-meta": "luvit-meta",
        "nixpkgs": "nixpkgs"
      },
      "locked": {
        "lastModified": 1724097937,
        "narHash": "sha256-Q4tgm8ZHAQUdvsNft86MqIbHQAm7OF7RT/wwYWXqSdY=",
        "owner": "mrcjkb",
        "repo": "nix-gen-luarc-json",
        "rev": "b36b69c4ded9f31b079523bc452e23458734cf00",
        "type": "github"
      },
      "original": {
        "owner": "mrcjkb",
        "repo": "nix-gen-luarc-json",
        "type": "github"
      }
    },
    "git-hooks": {
      "inputs": {
        "flake-compat": "flake-compat",
        "gitignore": "gitignore",
        "nixpkgs": [
          "gen-luarc",
          "nixpkgs"
        ],
        "nixpkgs-stable": "nixpkgs-stable"
      },
      "locked": {
        "lastModified": 1723803910,
        "narHash": "sha256-yezvUuFiEnCFbGuwj/bQcqg7RykIEqudOy/RBrId0pc=",
        "owner": "cachix",
        "repo": "git-hooks.nix",
        "rev": "bfef0ada09e2c8ac55bbcd0831bd0c9d42e651ba",
        "type": "github"
      },
      "original": {
        "owner": "cachix",
        "repo": "git-hooks.nix",
        "type": "github"
      }
    },
    "git-hooks_2": {
      "inputs": {
        "flake-compat": "flake-compat_3",
        "gitignore": "gitignore_2",
        "nixpkgs": [
          "neovim-nightly",
          "nixpkgs"
        ],
        "nixpkgs-stable": [
          "neovim-nightly",
          "nixpkgs"
        ]
      },
      "locked": {
        "lastModified": 1732021966,
        "narHash": "sha256-mnTbjpdqF0luOkou8ZFi2asa1N3AA2CchR/RqCNmsGE=",
        "owner": "cachix",
        "repo": "git-hooks.nix",
        "rev": "3308484d1a443fc5bc92012435d79e80458fe43c",
        "type": "github"
      },
      "original": {
        "owner": "cachix",
        "repo": "git-hooks.nix",
        "type": "github"
      }
    },
    "git-nvim": {
      "flake": false,
      "locked": {
        "lastModified": 1731020917,
        "narHash": "sha256-MheMRlAQkguO+PnpDe/HsJhUCKgt+c9fBZ0lZlnJlCE=",
        "owner": "Kibadda",
        "repo": "git.nvim",
        "rev": "c16754fa1a28bbf74ea1aba25bf5918d0a175561",
        "type": "github"
      },
      "original": {
        "owner": "Kibadda",
        "repo": "git.nvim",
        "type": "github"
      }
    },
    "gitignore": {
      "inputs": {
        "nixpkgs": [
          "gen-luarc",
          "git-hooks",
          "nixpkgs"
        ]
      },
      "locked": {
        "lastModified": 1709087332,
        "narHash": "sha256-HG2cCnktfHsKV0s4XW83gU3F57gaTljL9KNSuG6bnQs=",
        "owner": "hercules-ci",
        "repo": "gitignore.nix",
        "rev": "637db329424fd7e46cf4185293b9cc8c88c95394",
        "type": "github"
      },
      "original": {
        "owner": "hercules-ci",
        "repo": "gitignore.nix",
        "type": "github"
      }
    },
    "gitignore_2": {
      "inputs": {
        "nixpkgs": [
          "neovim-nightly",
          "git-hooks",
          "nixpkgs"
        ]
      },
      "locked": {
        "lastModified": 1709087332,
        "narHash": "sha256-HG2cCnktfHsKV0s4XW83gU3F57gaTljL9KNSuG6bnQs=",
        "owner": "hercules-ci",
        "repo": "gitignore.nix",
        "rev": "637db329424fd7e46cf4185293b9cc8c88c95394",
        "type": "github"
      },
      "original": {
        "owner": "hercules-ci",
        "repo": "gitignore.nix",
        "type": "github"
      }
    },
    "hercules-ci-effects": {
      "inputs": {
        "flake-parts": "flake-parts_3",
        "nixpkgs": [
          "neovim-nightly",
          "nixpkgs"
        ]
      },
      "locked": {
        "lastModified": 1730903510,
        "narHash": "sha256-mnynlrPeiW0nUQ8KGZHb3WyxAxA3Ye/BH8gMjdoKP6E=",
        "owner": "hercules-ci",
        "repo": "hercules-ci-effects",
        "rev": "b89ac4d66d618b915b1f0a408e2775fe3821d141",
        "type": "github"
      },
      "original": {
        "owner": "hercules-ci",
        "repo": "hercules-ci-effects",
        "type": "github"
      }
    },
    "kanban-nvim": {
      "flake": false,
      "locked": {
        "lastModified": 1730299356,
        "narHash": "sha256-JbAtvHBJ0eVTogUqhUlUS2Wcqq+H9HKSA8RTs9OhDmg=",
        "owner": "Kibadda",
        "repo": "kanban.nvim",
        "rev": "dc13c9f62de256ee2be389f71e3ff27a7cd5f09d",
        "type": "github"
      },
      "original": {
        "owner": "Kibadda",
        "repo": "kanban.nvim",
        "type": "github"
      }
    },
    "luvit-meta": {
      "flake": false,
      "locked": {
        "lastModified": 1705776742,
        "narHash": "sha256-zAAptV/oLuLAAsa2zSB/6fxlElk4+jNZd/cPr9oxFig=",
        "owner": "Bilal2453",
        "repo": "luvit-meta",
        "rev": "ce76f6f6cdc9201523a5875a4471dcfe0186eb60",
        "type": "github"
      },
      "original": {
        "owner": "Bilal2453",
        "repo": "luvit-meta",
        "type": "github"
      }
    },
    "mini-ai": {
      "flake": false,
      "locked": {
        "lastModified": 1731060247,
        "narHash": "sha256-+v6a4hKSWadxiUH/7mlOgeH7K8jVcp6TvzRFH7IbOc0=",
        "owner": "echasnovski",
        "repo": "mini.ai",
        "rev": "31c149067d38b97720d2a179619f7745a0006ecc",
        "type": "github"
      },
      "original": {
        "owner": "echasnovski",
        "repo": "mini.ai",
        "type": "github"
      }
    },
    "mini-diff": {
      "flake": false,
      "locked": {
        "lastModified": 1730194519,
        "narHash": "sha256-Pjv+ZPD7cGmzrfhpZWzvrP3Aw3Yk3xIZS0HJ78Hrni0=",
        "owner": "echasnovski",
        "repo": "mini.diff",
        "rev": "65c59f9967fec965d8759a88c1baa43147699035",
        "type": "github"
      },
      "original": {
        "owner": "echasnovski",
        "repo": "mini.diff",
        "type": "github"
      }
    },
    "mini-hipatterns": {
      "flake": false,
      "locked": {
        "lastModified": 1727447314,
        "narHash": "sha256-G53kxDZTWDGY38sJSNUGlLoligE9PQApPxjUOQA7ikg=",
        "owner": "echasnovski",
        "repo": "mini.hipatterns",
        "rev": "797cbdc893cdcc2f0fbc05a23b4dae238a1fb0ae",
        "type": "github"
      },
      "original": {
        "owner": "echasnovski",
        "repo": "mini.hipatterns",
        "type": "github"
      }
    },
    "mini-pick": {
      "flake": false,
      "locked": {
        "lastModified": 1732633836,
        "narHash": "sha256-b2hbBBU/knZ8EhYR9el3qHuPt1E0nipyJggcoKZ+CZ0=",
        "owner": "echasnovski",
        "repo": "mini.pick",
        "rev": "75e9a0a7808aa772ca5e31d479ffd0280ab6bf74",
        "type": "github"
      },
      "original": {
        "owner": "echasnovski",
        "repo": "mini.pick",
        "type": "github"
      }
    },
    "neovim-nightly": {
      "inputs": {
        "flake-compat": "flake-compat_2",
        "flake-parts": "flake-parts_2",
        "git-hooks": "git-hooks_2",
        "hercules-ci-effects": "hercules-ci-effects",
        "neovim-src": "neovim-src",
        "nixpkgs": "nixpkgs_2"
      },
      "locked": {
        "lastModified": 1732925246,
        "narHash": "sha256-MjqyzOEa6s9OGO8SMh5C2kqo57+iSNsgDbzPBbpi4QU=",
        "owner": "nix-community",
        "repo": "neovim-nightly-overlay",
        "rev": "7461a0b228bb48bb02af086f8b9ee9a83583120b",
        "type": "github"
      },
      "original": {
        "owner": "nix-community",
        "repo": "neovim-nightly-overlay",
        "type": "github"
      }
    },
    "neovim-src": {
      "flake": false,
      "locked": {
        "lastModified": 1732903628,
        "narHash": "sha256-JF8zmoLdqmbKCSS5Smf/Yj0jEl5f+qKhSubhPo/BvUM=",
        "owner": "neovim",
        "repo": "neovim",
        "rev": "2833925cfc688786759d6a980a1ad62b62d20570",
        "type": "github"
      },
      "original": {
        "owner": "neovim",
        "repo": "neovim",
        "type": "github"
      }
    },
    "nixpkgs": {
      "locked": {
        "lastModified": 1718714799,
        "narHash": "sha256-FUZpz9rg3gL8NVPKbqU8ei1VkPLsTIfAJ2fdAf5qjak=",
        "owner": "nixos",
        "repo": "nixpkgs",
        "rev": "c00d587b1a1afbf200b1d8f0b0e4ba9deb1c7f0e",
        "type": "github"
      },
      "original": {
        "owner": "nixos",
        "ref": "nixos-unstable",
        "repo": "nixpkgs",
        "type": "github"
      }
    },
    "nixpkgs-lib": {
      "locked": {
        "lastModified": 1717284937,
        "narHash": "sha256-lIbdfCsf8LMFloheeE6N31+BMIeixqyQWbSr2vk79EQ=",
        "type": "tarball",
        "url": "https://github.com/NixOS/nixpkgs/archive/eb9ceca17df2ea50a250b6b27f7bf6ab0186f198.tar.gz"
      },
      "original": {
        "type": "tarball",
        "url": "https://github.com/NixOS/nixpkgs/archive/eb9ceca17df2ea50a250b6b27f7bf6ab0186f198.tar.gz"
      }
    },
    "nixpkgs-stable": {
      "locked": {
        "lastModified": 1720386169,
        "narHash": "sha256-NGKVY4PjzwAa4upkGtAMz1npHGoRzWotlSnVlqI40mo=",
        "owner": "NixOS",
        "repo": "nixpkgs",
        "rev": "194846768975b7ad2c4988bdb82572c00222c0d7",
        "type": "github"
      },
      "original": {
        "owner": "NixOS",
        "ref": "nixos-24.05",
        "repo": "nixpkgs",
        "type": "github"
      }
    },
    "nixpkgs_2": {
      "locked": {
        "lastModified": 1732617236,
        "narHash": "sha256-PYkz6U0bSEaEB1al7O1XsqVNeSNS+s3NVclJw7YC43w=",
        "owner": "NixOS",
        "repo": "nixpkgs",
        "rev": "af51545ec9a44eadf3fe3547610a5cdd882bc34e",
        "type": "github"
      },
      "original": {
        "owner": "NixOS",
        "ref": "nixpkgs-unstable",
        "repo": "nixpkgs",
        "type": "github"
      }
    },
    "nixpkgs_3": {
      "locked": {
        "lastModified": 1732837521,
        "narHash": "sha256-jNRNr49UiuIwaarqijgdTR2qLPifxsVhlJrKzQ8XUIE=",
        "owner": "nixos",
        "repo": "nixpkgs",
        "rev": "970e93b9f82e2a0f3675757eb0bfc73297cc6370",
        "type": "github"
      },
      "original": {
        "owner": "nixos",
        "ref": "nixos-unstable",
        "repo": "nixpkgs",
        "type": "github"
      }
    },
    "nui-nvim": {
      "flake": false,
      "locked": {
        "lastModified": 1726376728,
        "narHash": "sha256-90Wq+vT361mTaGU/SvAezqJkX9HHmZ2GI2fKBDxPn04=",
        "owner": "MunifTanjim",
        "repo": "nui.nvim",
        "rev": "b58e2bfda5cea347c9d58b7f11cf3012c7b3953f",
        "type": "github"
      },
      "original": {
        "owner": "MunifTanjim",
        "repo": "nui.nvim",
        "type": "github"
      }
    },
    "nvim-autopairs": {
      "flake": false,
      "locked": {
        "lastModified": 1731803843,
        "narHash": "sha256-LbaxiU3ienVBcMKrug3Coppc4R+MD2rjREw7rHQim1w=",
        "owner": "windwp",
        "repo": "nvim-autopairs",
        "rev": "b464658e9b880f463b9f7e6ccddd93fb0013f559",
        "type": "github"
      },
      "original": {
        "owner": "windwp",
        "repo": "nvim-autopairs",
        "type": "github"
      }
    },
    "nvim-recorder": {
      "flake": false,
      "locked": {
        "lastModified": 1732723046,
        "narHash": "sha256-QDpXsygsgUal2eyihMmMWlzQcrVM6Ug+t3jDw+z5t80=",
        "owner": "chrisgrieser",
        "repo": "nvim-recorder",
        "rev": "68a75f97967e909116c282bedc211a6bd078a4d2",
        "type": "github"
      },
      "original": {
        "owner": "chrisgrieser",
        "repo": "nvim-recorder",
        "type": "github"
      }
    },
    "nvim-surround": {
      "flake": false,
      "locked": {
        "lastModified": 1732818349,
        "narHash": "sha256-sC+V86FEDfIapY4Qy0Ch2dTUpqe+C/xEUR/iSIEY6LA=",
        "owner": "kylechui",
        "repo": "nvim-surround",
        "rev": "9f0cb495f25bff32c936062d85046fbda0c43517",
        "type": "github"
      },
      "original": {
        "owner": "kylechui",
        "repo": "nvim-surround",
        "type": "github"
      }
    },
    "nvim-treesitter": {
      "flake": false,
      "locked": {
        "lastModified": 1732956370,
        "narHash": "sha256-tvVyrAtXvPtSmI8NTTZfoL7MkoliglkdWh5xGaWaeaQ=",
        "owner": "nvim-treesitter",
        "repo": "nvim-treesitter",
        "rev": "13a4820609195b05827517552423ef00e7d8d05e",
        "type": "github"
      },
      "original": {
        "owner": "nvim-treesitter",
        "ref": "main",
        "repo": "nvim-treesitter",
        "type": "github"
      }
    },
    "nvim-web-devicons": {
      "flake": false,
      "locked": {
        "lastModified": 1732925137,
        "narHash": "sha256-Sh+r54pTI60j5tOmSyEkTVS6MzMIt52nqjNdtMp8kpI=",
        "owner": "nvim-tree",
        "repo": "nvim-web-devicons",
        "rev": "203da76ecfbb4b192cf830665b03eb651b635c94",
        "type": "github"
      },
      "original": {
        "owner": "nvim-tree",
        "repo": "nvim-web-devicons",
        "type": "github"
      }
    },
    "plenary": {
      "flake": false,
      "locked": {
        "lastModified": 1726602776,
        "narHash": "sha256-bmmPekAvuBvLQmrnnX0n+FRBqfVxBsObhxIEkDGAla4=",
        "owner": "nvim-lua",
        "repo": "plenary.nvim",
        "rev": "2d9b06177a975543726ce5c73fca176cedbffe9d",
        "type": "github"
      },
      "original": {
        "owner": "nvim-lua",
        "repo": "plenary.nvim",
        "type": "github"
      }
    },
    "root": {
      "inputs": {
        "conform-nvim": "conform-nvim",
        "fake-nvim": "fake-nvim",
        "flake-utils": "flake-utils",
        "gen-luarc": "gen-luarc",
        "git-nvim": "git-nvim",
        "kanban-nvim": "kanban-nvim",
        "mini-ai": "mini-ai",
        "mini-diff": "mini-diff",
        "mini-hipatterns": "mini-hipatterns",
        "mini-pick": "mini-pick",
        "neovim-nightly": "neovim-nightly",
        "nixpkgs": "nixpkgs_3",
        "nui-nvim": "nui-nvim",
        "nvim-autopairs": "nvim-autopairs",
        "nvim-recorder": "nvim-recorder",
        "nvim-surround": "nvim-surround",
        "nvim-treesitter": "nvim-treesitter",
        "nvim-web-devicons": "nvim-web-devicons",
        "plenary": "plenary",
        "session-nvim": "session-nvim",
        "starter-nvim": "starter-nvim",
        "treesj": "treesj",
        "vim-pasta": "vim-pasta"
      }
    },
    "session-nvim": {
      "flake": false,
      "locked": {
        "lastModified": 1721641878,
        "narHash": "sha256-4noQxe+qq6j+4zCtBmtjrfkxX8/blH74H7xmYQxFtD4=",
        "owner": "Kibadda",
        "repo": "session.nvim",
        "rev": "ca25badd8a3a9220be7bdb998b8f96896b5fa807",
        "type": "github"
      },
      "original": {
        "owner": "Kibadda",
        "repo": "session.nvim",
        "type": "github"
      }
    },
    "starter-nvim": {
      "flake": false,
      "locked": {
        "lastModified": 1726838435,
        "narHash": "sha256-Fpaf+Q9QVvG2ppXUi7lhw6iINYGCVQ3m4ZYYyIOsa0I=",
        "owner": "Kibadda",
        "repo": "starter.nvim",
        "rev": "2ec7c54af188f6930e5e943cd7b75494f91c04ee",
        "type": "github"
      },
      "original": {
        "owner": "Kibadda",
        "repo": "starter.nvim",
        "type": "github"
      }
    },
    "systems": {
      "locked": {
        "lastModified": 1681028828,
        "narHash": "sha256-Vy1rq5AaRuLzOxct8nz4T6wlgyUR7zLU309k9mBC768=",
        "owner": "nix-systems",
        "repo": "default",
        "rev": "da67096a3b9bf56a91d16901293e51ba5b49a27e",
        "type": "github"
      },
      "original": {
        "owner": "nix-systems",
        "repo": "default",
        "type": "github"
      }
    },
    "treesj": {
      "flake": false,
      "locked": {
        "lastModified": 1732352951,
        "narHash": "sha256-UVUWNsD5DOc73nBmJOKrKDm7eMWAaddWwyGuwMhusAA=",
        "owner": "Wansmer",
        "repo": "treesj",
        "rev": "03415ac60791d48e120a80d37e080744faf3ac15",
        "type": "github"
      },
      "original": {
        "owner": "Wansmer",
        "repo": "treesj",
        "type": "github"
      }
    },
    "vim-pasta": {
      "flake": false,
      "locked": {
        "lastModified": 1691834732,
        "narHash": "sha256-nfJmV+PNJy1upgz52uWIf9YkLqY6ELK04uoUnEUojeA=",
        "owner": "ku1ik",
        "repo": "vim-pasta",
        "rev": "2b786703eef9f82ae7a56f3de4ee43e1e5efaaa5",
        "type": "github"
      },
      "original": {
        "owner": "ku1ik",
        "repo": "vim-pasta",
        "type": "github"
      }
    }
  },
  "root": "root",
  "version": 7
}
